
Microsoft Visual Studio Solution File, Format Version 12.00
# Visual Studio 15
VisualStudioVersion = 15.0.27703.2026
MinimumVisualStudioVersion = 10.0.40219.1
Project("{FAE04EC0-301F-11D3-BF4B-00C04F79EFBC}") = "Starkman.Frontend.Site", "Starkman.Frontend.Site\Starkman.Frontend.Site.csproj", "{4E8B9F37-39BC-483A-A338-6727BC999892}"
EndProject
Global
	GlobalSection(SolutionConfigurationPlatforms) = preSolution
		Debug|Any CPU = Debug|Any CPU
		Release|Any CPU = Release|Any CPU
	EndGlobalSection
	GlobalSection(ProjectConfigurationPlatforms) = postSolution
		{4E8B9F37-39BC-483A-A338-6727BC999892}.Debug|Any CPU.ActiveCfg = Debug|Any CPU
		{4E8B9F37-39BC-483A-A338-6727BC999892}.Debug|Any CPU.Build.0 = Debug|Any CPU
		{4E8B9F37-39BC-483A-A338-6727BC999892}.Release|Any CPU.ActiveCfg = Release|Any CPU
		{4E8B9F37-39BC-483A-A338-6727BC999892}.Release|Any CPU.Build.0 = Release|Any CPU
	EndGlobalSection
	GlobalSection(SolutionProperties) = preSolution
		HideSolutionNode = FALSE
	EndGlobalSection
	GlobalSection(ExtensibilityGlobals) = postSolution
		SolutionGuid = {5D6782F9-9D2E-4B4A-8BC8-592268D93519}
	EndGlobalSection
EndGlobal
